
Microsoft Visual Studio Solution File, Format Version 12.00
# Visual Studio Version 17
VisualStudioVersion = 17.0.31903.59
MinimumVisualStudioVersion = 10.0.40219.1
Project("{FAE04EC0-301F-11D3-BF4B-00C04F79EFBC}") = "Adapter", "Adapter.csproj", "{5D791CE8-8B0A-427A-BE70-D19B1D988D81}"
EndProject
Global
	GlobalSection(SolutionConfigurationPlatforms) = preSolution
		Debug|Any CPU = Debug|Any CPU
		Release|Any CPU = Release|Any CPU
	EndGlobalSection
	GlobalSection(ProjectConfigurationPlatforms) = postSolution
		{5D791CE8-8B0A-427A-BE70-D19B1D988D81}.Debug|Any CPU.ActiveCfg = Debug|Any CPU
		{5D791CE8-8B0A-427A-BE70-D19B1D988D81}.Debug|Any CPU.Build.0 = Debug|Any CPU
		{5D791CE8-8B0A-427A-BE70-D19B1D988D81}.Release|Any CPU.ActiveCfg = Release|Any CPU
		{5D791CE8-8B0A-427A-BE70-D19B1D988D81}.Release|Any CPU.Build.0 = Release|Any CPU
	EndGlobalSection
	GlobalSection(SolutionProperties) = preSolution
		HideSolutionNode = FALSE
	EndGlobalSection
	GlobalSection(ExtensibilityGlobals) = postSolution
		SolutionGuid = {D783D0D5-C0FF-48F2-91CB-98213005BC5C}
	EndGlobalSection
EndGlobal
